
Microsoft Visual Studio Solution File, Format Version 12.00
# Visual Studio Version 16
VisualStudioVersion = 16.0.810.25
MinimumVisualStudioVersion = 10.0.40219.1
Project("{FAE04EC0-301F-11D3-BF4B-00C04F79EFBC}") = "notificationtracker", "notificationtracker\notificationtracker.csproj", "{E7872AAF-E550-43EE-9E8D-800C04B93472}"
EndProject
Global
	GlobalSection(SolutionConfigurationPlatforms) = preSolution
		Debug|Any CPU = Debug|Any CPU
		Release|Any CPU = Release|Any CPU
	EndGlobalSection
	GlobalSection(ProjectConfigurationPlatforms) = postSolution
		{E7872AAF-E550-43EE-9E8D-800C04B93472}.Debug|Any CPU.ActiveCfg = Debug|Any CPU
		{E7872AAF-E550-43EE-9E8D-800C04B93472}.Debug|Any CPU.Build.0 = Debug|Any CPU
		{E7872AAF-E550-43EE-9E8D-800C04B93472}.Release|Any CPU.ActiveCfg = Release|Any CPU
		{E7872AAF-E550-43EE-9E8D-800C04B93472}.Release|Any CPU.Build.0 = Release|Any CPU
	EndGlobalSection
	GlobalSection(SolutionProperties) = preSolution
		HideSolutionNode = FALSE
	EndGlobalSection
	GlobalSection(ExtensibilityGlobals) = postSolution
		SolutionGuid = {8FA6B02D-4F25-4CB3-B263-9D63ECFC4FE6}
	EndGlobalSection
EndGlobal
